<?xml version="1.0" encoding="UTF-8" standalone="yes" ?>
<CodeBlocks_project_file>
	<FileVersion major="1" minor="6" />
	<Project>
		<Option title="idiotcam" />
		<Option pch_mode="2" />
		<Option compiler="gcc" />
		<Build>
			<Target title="Debug">
				<Option output="bin/Debug/idiotcam" prefix_auto="1" extension_auto="1" />
				<Option object_output="obj/Debug/" />
				<Option type="1" />
				<Option compiler="gcc" />
				<Compiler>
					<Add option="-g" />
				</Compiler>
			</Target>
			<Target title="Release">
				<Option output="bin/Release/idiotcam" prefix_auto="1" extension_auto="1" />
				<Option object_output="obj/Release/" />
				<Option type="1" />
				<Option compiler="gcc" />
				<Compiler>
					<Add option="-O2" />
				</Compiler>
				<Linker>
					<Add option="-s" />
				</Linker>
			</Target>
		</Build>
		<Compiler>
			<Add option="-Wall" />
		</Compiler>
		<Unit filename="include/BaseManager.h" />
		<Unit filename="include/Camera.cpp" />
		<Unit filename="include/Camera.h" />
		<Unit filename="include/InputManager.cpp" />
		<Unit filename="include/InputManager.h" />
		<Unit filename="include/Predeclare.h" />
		<Unit filename="include/RenderManager.cpp" />
		<Unit filename="include/RenderManager.h" />
		<Unit filename="include/ResourceManager.cpp" />
		<Unit filename="include/ResourceManager.h" />
		<Unit filename="include/Scene.cpp" />
		<Unit filename="include/Scene.h" />
		<Unit filename="include/SceneManager.cpp" />
		<Unit filename="include/SceneManager.h" />
		<Unit filename="include/ShaderProgram.cpp" />
		<Unit filename="include/ShaderProgram.h" />
		<Unit filename="include/Sprite.cpp" />
		<Unit filename="include/Sprite.h" />
		<Unit filename="include/StartScene.cpp" />
		<Unit filename="include/StartScene.h" />
		<Unit filename="main.cpp" />
		<Unit filename="testScene.cpp" />
		<Unit filename="testScene.h" />
		<Extensions>
			<code_completion />
			<envvars />
			<debugger />
			<lib_finder disable_auto="1" />
		</Extensions>
	</Project>
</CodeBlocks_project_file>
